<?xml version="1.0" encoding="utf-8"?>
<Project ToolsVersion="4.0" xmlns="http://schemas.microsoft.com/developer/msbuild/2003">
  <ItemGroup>
    <Filter Include="Source Files">
      <UniqueIdentifier>{4FC737F1-C7A5-4376-A066-2A32D752A2FF}</UniqueIdentifier>
      <Extensions>cpp;c;cc;cxx;def;odl;idl;hpj;bat;asm;asmx</Extensions>
    </Filter>
    <Filter Include="Header Files">
      <UniqueIdentifier>{93995380-89BD-4b04-88EB-625FBE52EBFB}</UniqueIdentifier>
      <Extensions>h;hh;hpp;hxx;hm;inl;inc;ipp;xsd</Extensions>
    </Filter>
    <Filter Include="Resource Files">
      <UniqueIdentifier>{67DA6AB6-F800-4c08-8B7A-83BB121AAD01}</UniqueIdentifier>
      <Extensions>rc;ico;cur;bmp;dlg;rc2;rct;bin;rgs;gif;jpg;jpeg;jpe;resx;tiff;tif;png;wav;mfcribbon-ms</Extensions>
    </Filter>
    <Filter Include="Header Files\mainwindow">
      <UniqueIdentifier>{b166b922-a547-4251-a9c1-36c0624041fb}</UniqueIdentifier>
    </Filter>
    <Filter Include="Source Files\mainwindow">
      <UniqueIdentifier>{f0b287cd-89e3-41c6-a73a-ee6477d0a04f}</UniqueIdentifier>
    </Filter>
    <Filter Include="Header Files\gameobjects">
      <UniqueIdentifier>{6f016f0c-4d0f-4807-b310-2527f43b6c93}</UniqueIdentifier>
    </Filter>
    <Filter Include="Source Files\gameobjects">
      <UniqueIdentifier>{3e99024b-d6af-4c80-9207-908445b5796c}</UniqueIdentifier>
    </Filter>
    <Filter Include="Shaders">
      <UniqueIdentifier>{9f969f54-1155-432c-b84c-9296b79b972c}</UniqueIdentifier>
    </Filter>
    <Filter Include="Header Files\utilities">
      <UniqueIdentifier>{59d851b0-701e-439a-96c4-9abec38ca0bb}</UniqueIdentifier>
    </Filter>
    <Filter Include="Source Files\utilities">
      <UniqueIdentifier>{bd523628-4ade-4db8-af33-ad88d02045d0}</UniqueIdentifier>
    </Filter>
  </ItemGroup>
  <ItemGroup>
    <ClCompile Include="main.cpp">
      <Filter>Source Files</Filter>
    </ClCompile>
    <ClCompile Include="mainwindow\mainwindow.cpp">
      <Filter>Source Files\mainwindow</Filter>
    </ClCompile>
    <ClCompile Include="gameobjects\spaceship.cpp">
      <Filter>Source Files\gameobjects</Filter>
    </ClCompile>
    <ClCompile Include="gameobjects\spaceshiploaddata.cpp">
      <Filter>Source Files\gameobjects</Filter>
    </ClCompile>
    <ClCompile Include="utilities\time.cpp">
      <Filter>Source Files\utilities</Filter>
    </ClCompile>
  </ItemGroup>
  <ItemGroup>
    <ClInclude Include="mainwindow\mainwindow.h">
      <Filter>Header Files\mainwindow</Filter>
    </ClInclude>
    <ClInclude Include="gameobjects\spaceship.h">
      <Filter>Header Files\gameobjects</Filter>
    </ClInclude>
    <ClInclude Include="utilities\time.h">
      <Filter>Header Files\utilities</Filter>
    </ClInclude>
    <ClInclude Include="utilities\timeroptions.h">
      <Filter>Header Files\utilities</Filter>
    </ClInclude>
  </ItemGroup>
  <ItemGroup>
    <None Include="shaders\shader1_Dynamic.frag">
      <Filter>Shaders</Filter>
    </None>
    <None Include="shaders\shader1_Dynamic.vert">
      <Filter>Shaders</Filter>
    </None>
    <None Include="shaders\spaceshipShader.frag">
      <Filter>Shaders</Filter>
    </None>
    <None Include="shaders\spaceshipShader.vert">
      <Filter>Shaders</Filter>
    </None>
    <None Include="shaders\spaceshipShaderTex.frag">
      <Filter>Shaders</Filter>
    </None>
    <None Include="shaders\spaceshipShaderTex.vert">
      <Filter>Shaders</Filter>
    </None>
  </ItemGroup>
</Project>