<?xml version="1.0" encoding="utf-8"?>
<Project ToolsVersion="4.0" xmlns="http://schemas.microsoft.com/developer/msbuild/2003">
  <ItemGroup>
    <Filter Include="Source Files">
      <UniqueIdentifier>{4FC737F1-C7A5-4376-A066-2A32D752A2FF}</UniqueIdentifier>
      <Extensions>cpp;c;cc;cxx;def;odl;idl;hpj;bat;asm;asmx</Extensions>
    </Filter>
    <Filter Include="Header Files">
      <UniqueIdentifier>{93995380-89BD-4b04-88EB-625FBE52EBFB}</UniqueIdentifier>
      <Extensions>h;hh;hpp;hxx;hm;inl;inc;ipp;xsd</Extensions>
    </Filter>
    <Filter Include="Resource Files">
      <UniqueIdentifier>{67DA6AB6-F800-4c08-8B7A-83BB121AAD01}</UniqueIdentifier>
      <Extensions>rc;ico;cur;bmp;dlg;rc2;rct;bin;rgs;gif;jpg;jpeg;jpe;resx;tiff;tif;png;wav;mfcribbon-ms</Extensions>
    </Filter>
    <Filter Include="Header Files\mainwindow">
      <UniqueIdentifier>{b166b922-a547-4251-a9c1-36c0624041fb}</UniqueIdentifier>
    </Filter>
    <Filter Include="Source Files\mainwindow">
      <UniqueIdentifier>{f0b287cd-89e3-41c6-a73a-ee6477d0a04f}</UniqueIdentifier>
    </Filter>
    <Filter Include="Header Files\gameobjects">
      <UniqueIdentifier>{6f016f0c-4d0f-4807-b310-2527f43b6c93}</UniqueIdentifier>
    </Filter>
    <Filter Include="Source Files\gameobjects">
      <UniqueIdentifier>{3e99024b-d6af-4c80-9207-908445b5796c}</UniqueIdentifier>
    </Filter>
    <Filter Include="Shaders">
      <UniqueIdentifier>{9f969f54-1155-432c-b84c-9296b79b972c}</UniqueIdentifier>
    </Filter>
    <Filter Include="Header Files\utilities">
      <UniqueIdentifier>{59d851b0-701e-439a-96c4-9abec38ca0bb}</UniqueIdentifier>
    </Filter>
    <Filter Include="Source Files\utilities">
      <UniqueIdentifier>{bd523628-4ade-4db8-af33-ad88d02045d0}</UniqueIdentifier>
    </Filter>
    <Filter Include="Header Files\gamelogic">
      <UniqueIdentifier>{23288c52-5d4c-4a45-8858-9a83794e0ffe}</UniqueIdentifier>
    </Filter>
    <Filter Include="Source Files\gamelogic">
      <UniqueIdentifier>{ad8a8fc9-39c0-4265-b2a6-b1ec348d0a5d}</UniqueIdentifier>
    </Filter>
    <Filter Include="Header Files\renderers">
      <UniqueIdentifier>{adb4a422-d220-4d1a-b969-7ebe6597e17b}</UniqueIdentifier>
    </Filter>
    <Filter Include="Source Files\renderers">
      <UniqueIdentifier>{e84fed9e-1c16-4b99-8c10-4b139af96e95}</UniqueIdentifier>
    </Filter>
    <Filter Include="Header Files\dev">
      <UniqueIdentifier>{016f9886-e9ee-43d9-a66c-2d3ff14f3924}</UniqueIdentifier>
    </Filter>
    <Filter Include="Source Files\dev">
      <UniqueIdentifier>{6ef4c3c7-2d49-4755-8d4d-2293067fef03}</UniqueIdentifier>
    </Filter>
  </ItemGroup>
  <ItemGroup>
    <ClCompile Include="main.cpp">
      <Filter>Source Files</Filter>
    </ClCompile>
    <ClCompile Include="mainwindow\mainwindow.cpp">
      <Filter>Source Files\mainwindow</Filter>
    </ClCompile>
    <ClCompile Include="gameobjects\spaceship.cpp">
      <Filter>Source Files\gameobjects</Filter>
    </ClCompile>
    <ClCompile Include="utilities\time.cpp">
      <Filter>Source Files\utilities</Filter>
    </ClCompile>
    <ClCompile Include="gameengine.cpp">
      <Filter>Source Files</Filter>
    </ClCompile>
    <ClCompile Include="gamelogic\gamemain.cpp">
      <Filter>Source Files\gamelogic</Filter>
    </ClCompile>
    <ClCompile Include="gamelogic\initialization.cpp">
      <Filter>Source Files\gamelogic</Filter>
    </ClCompile>
    <ClCompile Include="gamelogic\spaceshipinputcontrol.cpp">
      <Filter>Source Files\gamelogic</Filter>
    </ClCompile>
    <ClCompile Include="gameobjects\asteroid.cpp">
      <Filter>Source Files\gameobjects</Filter>
    </ClCompile>
    <ClCompile Include="gameobjects\standardgameobject.cpp">
      <Filter>Source Files\gameobjects</Filter>
    </ClCompile>
    <ClCompile Include="gamelogic\asteroidbehaviour.cpp">
      <Filter>Source Files\gamelogic</Filter>
    </ClCompile>
    <ClCompile Include="gamelogic\collisions.cpp">
      <Filter>Source Files\gamelogic</Filter>
    </ClCompile>
    <ClCompile Include="gameobjects\hitboxobject.cpp">
      <Filter>Source Files\gameobjects</Filter>
    </ClCompile>
    <ClCompile Include="renderers\hitboxrenderer.cpp">
      <Filter>Source Files\renderers</Filter>
    </ClCompile>
    <ClCompile Include="dev\rotation.cpp">
      <Filter>Source Files\dev</Filter>
    </ClCompile>
    <ClCompile Include="gamelogic\spaceshipinitialization.cpp">
      <Filter>Source Files\gamelogic</Filter>
    </ClCompile>
    <ClCompile Include="gamelogic\asteroidinitialization.cpp">
      <Filter>Source Files\gamelogic</Filter>
    </ClCompile>
    <ClCompile Include="gamelogic\collisiondetectionalgorithm.cpp">
      <Filter>Source Files\gamelogic</Filter>
    </ClCompile>
    <ClCompile Include="gameobjects\spaceshipgun.cpp">
      <Filter>Source Files\gameobjects</Filter>
    </ClCompile>
    <ClCompile Include="gamelogic\gunbehaviour.cpp">
      <Filter>Source Files\gamelogic</Filter>
    </ClCompile>
    <ClCompile Include="renderers\particlerenderer.cpp">
      <Filter>Source Files\renderers</Filter>
    </ClCompile>
    <ClCompile Include="dev\particlesystemtest.cpp">
      <Filter>Source Files\dev</Filter>
    </ClCompile>
    <ClCompile Include="gameobjects\particle.cpp">
      <Filter>Source Files\gameobjects</Filter>
    </ClCompile>
    <ClCompile Include="gameobjects\particlesystem.cpp">
      <Filter>Source Files\gameobjects</Filter>
    </ClCompile>
    <ClCompile Include="gamelogic\spaceshipenginescontrol.cpp">
      <Filter>Source Files\gamelogic</Filter>
    </ClCompile>
    <ClCompile Include="gameobjects\laserbeam.cpp">
      <Filter>Source Files\gameobjects</Filter>
    </ClCompile>
    <ClCompile Include="renderers\dynamicparticlerenderer.cpp">
      <Filter>Source Files\renderers</Filter>
    </ClCompile>
    <ClCompile Include="renderers\beamsrenderer.cpp">
      <Filter>Source Files\renderers</Filter>
    </ClCompile>
    <ClCompile Include="renderers\texturebeamsrenderer.cpp">
      <Filter>Source Files\renderers</Filter>
    </ClCompile>
    <ClCompile Include="renderers\multipleasteroidsrenderer.cpp">
      <Filter>Source Files\renderers</Filter>
    </ClCompile>
    <ClCompile Include="gameobjects\asteroidsmanager.cpp">
      <Filter>Source Files\gameobjects</Filter>
    </ClCompile>
    <ClCompile Include="gameobjects\collisionsmanager.cpp">
      <Filter>Source Files\gameobjects</Filter>
    </ClCompile>
    <ClCompile Include="renderers\multisourceparticlerenderer.cpp">
      <Filter>Source Files\renderers</Filter>
    </ClCompile>
    <ClCompile Include="gameobjects\multisourceparticlesystem.cpp">
      <Filter>Source Files\gameobjects</Filter>
    </ClCompile>
  </ItemGroup>
  <ItemGroup>
    <ClInclude Include="mainwindow\mainwindow.h">
      <Filter>Header Files\mainwindow</Filter>
    </ClInclude>
    <ClInclude Include="gameobjects\spaceship.h">
      <Filter>Header Files\gameobjects</Filter>
    </ClInclude>
    <ClInclude Include="utilities\time.h">
      <Filter>Header Files\utilities</Filter>
    </ClInclude>
    <ClInclude Include="utilities\timeroptions.h">
      <Filter>Header Files\utilities</Filter>
    </ClInclude>
    <ClInclude Include="gameengine.h">
      <Filter>Header Files</Filter>
    </ClInclude>
    <ClInclude Include="gamelogic\gamemain.h">
      <Filter>Header Files\gamelogic</Filter>
    </ClInclude>
    <ClInclude Include="gameobjects\gameresources.h">
      <Filter>Header Files\gameobjects</Filter>
    </ClInclude>
    <ClInclude Include="gameenginemacros.h">
      <Filter>Header Files</Filter>
    </ClInclude>
    <ClInclude Include="gamelogic\initialization.h">
      <Filter>Header Files\gamelogic</Filter>
    </ClInclude>
    <ClInclude Include="gamelogic\spaceshipinputcontrol.h">
      <Filter>Header Files\gamelogic</Filter>
    </ClInclude>
    <ClInclude Include="gameobjects\asteroid.h">
      <Filter>Header Files\gameobjects</Filter>
    </ClInclude>
    <ClInclude Include="gameobjects\modelimportstruct.h">
      <Filter>Header Files\gameobjects</Filter>
    </ClInclude>
    <ClInclude Include="gameobjects\standardgameobject.h">
      <Filter>Header Files\gameobjects</Filter>
    </ClInclude>
    <ClInclude Include="gamelogic\asteroidbehaviour.h">
      <Filter>Header Files\gamelogic</Filter>
    </ClInclude>
    <ClInclude Include="gamelogic\collisions.h">
      <Filter>Header Files\gamelogic</Filter>
    </ClInclude>
    <ClInclude Include="gameobjects\hitboxobject.h">
      <Filter>Header Files\gameobjects</Filter>
    </ClInclude>
    <ClInclude Include="renderers\hitboxrenderer.h">
      <Filter>Header Files\renderers</Filter>
    </ClInclude>
    <ClInclude Include="dev\rotation.h">
      <Filter>Header Files\dev</Filter>
    </ClInclude>
    <ClInclude Include="gamelogic\spaceshipinitialization.h">
      <Filter>Header Files\gamelogic</Filter>
    </ClInclude>
    <ClInclude Include="gamelogic\asteroidinitialization.h">
      <Filter>Header Files\gamelogic</Filter>
    </ClInclude>
    <ClInclude Include="gamelogic\collisiondetectionalgorithm.h">
      <Filter>Header Files\gamelogic</Filter>
    </ClInclude>
    <ClInclude Include="gameobjects\spaceshipgun.h">
      <Filter>Header Files\gameobjects</Filter>
    </ClInclude>
    <ClInclude Include="gamelogic\gunbehaviour.h">
      <Filter>Header Files\gamelogic</Filter>
    </ClInclude>
    <ClInclude Include="renderers\particlerenderer.h">
      <Filter>Header Files\renderers</Filter>
    </ClInclude>
    <ClInclude Include="dev\particlesystemtest.h">
      <Filter>Header Files\dev</Filter>
    </ClInclude>
    <ClInclude Include="gameobjects\particle.h">
      <Filter>Header Files\gameobjects</Filter>
    </ClInclude>
    <ClInclude Include="gameobjects\particlesystem.h">
      <Filter>Header Files\gameobjects</Filter>
    </ClInclude>
    <ClInclude Include="gamelogic\spaceshipenginescontrol.h">
      <Filter>Header Files\gamelogic</Filter>
    </ClInclude>
    <ClInclude Include="gameobjects\laserbeam.h">
      <Filter>Header Files\gameobjects</Filter>
    </ClInclude>
    <ClInclude Include="renderers\dynamicparticlerenderer.h">
      <Filter>Header Files\renderers</Filter>
    </ClInclude>
    <ClInclude Include="renderers\beamsrenderer.h">
      <Filter>Header Files\renderers</Filter>
    </ClInclude>
    <ClInclude Include="renderers\texturebeamsrenderer.h">
      <Filter>Header Files\renderers</Filter>
    </ClInclude>
    <ClInclude Include="renderers\multipleasteroidsrenderer.h">
      <Filter>Header Files\renderers</Filter>
    </ClInclude>
    <ClInclude Include="gameobjects\asteroidsmanager.h">
      <Filter>Header Files\gameobjects</Filter>
    </ClInclude>
    <ClInclude Include="gameobjects\collisionsmanager.h">
      <Filter>Header Files\gameobjects</Filter>
    </ClInclude>
    <ClInclude Include="renderers\multisourceparticlerenderer.h">
      <Filter>Header Files\renderers</Filter>
    </ClInclude>
    <ClInclude Include="renderers\rendererstruct.h">
      <Filter>Header Files\renderers</Filter>
    </ClInclude>
    <ClInclude Include="gameobjects\multisourceparticlesystem.h">
      <Filter>Header Files\gameobjects</Filter>
    </ClInclude>
  </ItemGroup>
  <ItemGroup>
    <None Include="shaders\spaceshipShader.frag">
      <Filter>Shaders</Filter>
    </None>
    <None Include="shaders\spaceshipShader.vert">
      <Filter>Shaders</Filter>
    </None>
    <None Include="shaders\spaceshipShaderTex.frag">
      <Filter>Shaders</Filter>
    </None>
    <None Include="shaders\spaceshipShaderTex.vert">
      <Filter>Shaders</Filter>
    </None>
    <None Include="shaders\standardHitbox.frag">
      <Filter>Shaders</Filter>
    </None>
    <None Include="shaders\standardHitbox.vert">
      <Filter>Shaders</Filter>
    </None>
    <None Include="shaders\particle.frag">
      <Filter>Shaders</Filter>
    </None>
    <None Include="shaders\particle.vert">
      <Filter>Shaders</Filter>
    </None>
    <None Include="shaders\laserShader.frag">
      <Filter>Shaders</Filter>
    </None>
    <None Include="shaders\laserShader.vert">
      <Filter>Shaders</Filter>
    </None>
    <None Include="shaders\texLaserShaders.frag">
      <Filter>Shaders</Filter>
    </None>
    <None Include="shaders\texLaserShaders.vert">
      <Filter>Shaders</Filter>
    </None>
  </ItemGroup>
</Project>